<?xml version="1.0" encoding="utf-8"?>
<Project ToolsVersion="4.0" xmlns="http://schemas.microsoft.com/developer/msbuild/2003">
  <ItemGroup>
    <Filter Include="Source Files">
      <UniqueIdentifier>{4FC737F1-C7A5-4376-A066-2A32D752A2FF}</UniqueIdentifier>
      <Extensions>cpp;c;cxx;def;odl;idl;hpj;bat;asm;asmx</Extensions>
    </Filter>
    <Filter Include="Header Files">
      <UniqueIdentifier>{93995380-89BD-4b04-88EB-625FBE52EBFB}</UniqueIdentifier>
      <Extensions>h;hpp;hxx;hm;inl;inc;xsd</Extensions>
    </Filter>
  </ItemGroup>
  <ItemGroup>
    <None Include="xex.xml" />
  </ItemGroup>
  <ItemGroup>
    <ClInclude Include="stdafx.h">
      <Filter>Header Files</Filter>
    </ClInclude>
    <ClInclude Include="INIReader.h">
      <Filter>Header Files</Filter>
    </ClInclude>
    <ClInclude Include="ini.h">
      <Filter>Header Files</Filter>
    </ClInclude>
    <ClInclude Include="xam.h">
      <Filter>Header Files</Filter>
    </ClInclude>
    <ClInclude Include="utilities.h">
      <Filter>Header Files</Filter>
    </ClInclude>
    <ClInclude Include="HUD.h">
      <Filter>Header Files</Filter>
    </ClInclude>
    <ClInclude Include="xshell.h">
      <Filter>Header Files</Filter>
    </ClInclude>
    <ClInclude Include="HvExpansion.h">
      <Filter>Header Files</Filter>
    </ClInclude>
    <ClInclude Include="OffsetManager.h">
      <Filter>Header Files</Filter>
    </ClInclude>
    <ClInclude Include="RPC.h">
      <Filter>Header Files</Filter>
    </ClInclude>
  </ItemGroup>
  <ItemGroup>
    <ClCompile Include="stdafx.cpp">
      <Filter>Source Files</Filter>
    </ClCompile>
    <ClCompile Include="INIReader.cpp">
      <Filter>Source Files</Filter>
    </ClCompile>
    <ClCompile Include="ini.c">
      <Filter>Source Files</Filter>
    </ClCompile>
    <ClCompile Include="xam.cpp">
      <Filter>Source Files</Filter>
    </ClCompile>
    <ClCompile Include="utilities.cpp">
      <Filter>Source Files</Filter>
    </ClCompile>
    <ClCompile Include="xshell.cpp">
      <Filter>Source Files</Filter>
    </ClCompile>
    <ClCompile Include="HUD.cpp">
      <Filter>Source Files</Filter>
    </ClCompile>
    <ClCompile Include="HvExpansion.cpp">
      <Filter>Source Files</Filter>
    </ClCompile>
    <ClCompile Include="OffsetManager.cpp">
      <Filter>Source Files</Filter>
    </ClCompile>
    <ClCompile Include="RGLoader.cpp">
      <Filter>Source Files</Filter>
    </ClCompile>
    <ClCompile Include="RPC.cpp">
      <Filter>Source Files</Filter>
    </ClCompile>
  </ItemGroup>
</Project>